        "jotai-xstate": "^0.6.1",
        "xstate": "^5.19.4",
      "version": "0.6.1",
      "resolved": "https://registry.npmjs.org/jotai-xstate/-/jotai-xstate-0.6.1.tgz",
      "integrity": "sha512-graSDsorui1a4Zt4jCJ40GuOzOkfOY317XcazYnNx0EHS+D/rOr4aLzZRy0NLaPQZsypfcGSMbNCwksfhwkixA==",
      "license": "MIT",
        "jotai": ">=2.0.0",
        "xstate": ">=5.0.0"
      "version": "5.19.4",
      "resolved": "https://registry.npmjs.org/xstate/-/xstate-5.19.4.tgz",
      "integrity": "sha512-h1UMSYOB564NXqAI+VpXrxwaBdOJUh6LOStooQ+Rn/+gqJWtGBfjZn265BwFI8Mp4ZoOyoLDNf8X1yp3faBUZQ==",
      "license": "MIT",
      "version": "0.6.1",
      "resolved": "https://registry.npmjs.org/jotai-xstate/-/jotai-xstate-0.6.1.tgz",
      "integrity": "sha512-graSDsorui1a4Zt4jCJ40GuOzOkfOY317XcazYnNx0EHS+D/rOr4aLzZRy0NLaPQZsypfcGSMbNCwksfhwkixA==",
      "version": "5.19.4",
      "resolved": "https://registry.npmjs.org/xstate/-/xstate-5.19.4.tgz",
      "integrity": "sha512-h1UMSYOB564NXqAI+VpXrxwaBdOJUh6LOStooQ+Rn/+gqJWtGBfjZn265BwFI8Mp4ZoOyoLDNf8X1yp3faBUZQ=="
